
Microsoft Visual Studio Solution File, Format Version 12.00
# Visual Studio 14
VisualStudioVersion = 14.0.25420.1
MinimumVisualStudioVersion = 10.0.40219.1
Project("{2150E333-8FDC-42A3-9474-1A3956D46DE8}") = "src", "src", "{4DAA652A-4A57-4C50-9D9E-4A95076C2EAC}"
EndProject
Project("{2150E333-8FDC-42A3-9474-1A3956D46DE8}") = "Solution Items", "Solution Items", "{5D1AC28F-AD9D-466C-BB1E-96050EFA4F6A}"
	ProjectSection(SolutionItems) = preProject
		global.json = global.json
	EndProjectSection
EndProject
Project("{8BB2217D-0F2D-49D1-97BC-3654ED321F3B}") = "CustomRouter", "src\CustomRouter\CustomRouter.xproj", "{433A78E1-7A71-4044-9FA6-3FA11B003E7F}"
EndProject
Global
	GlobalSection(SolutionConfigurationPlatforms) = preSolution
		Debug|Any CPU = Debug|Any CPU
		Release|Any CPU = Release|Any CPU
	EndGlobalSection
	GlobalSection(ProjectConfigurationPlatforms) = postSolution
		{433A78E1-7A71-4044-9FA6-3FA11B003E7F}.Debug|Any CPU.ActiveCfg = Debug|Any CPU
		{433A78E1-7A71-4044-9FA6-3FA11B003E7F}.Debug|Any CPU.Build.0 = Debug|Any CPU
		{433A78E1-7A71-4044-9FA6-3FA11B003E7F}.Release|Any CPU.ActiveCfg = Release|Any CPU
		{433A78E1-7A71-4044-9FA6-3FA11B003E7F}.Release|Any CPU.Build.0 = Release|Any CPU
	EndGlobalSection
	GlobalSection(SolutionProperties) = preSolution
		HideSolutionNode = FALSE
	EndGlobalSection
	GlobalSection(NestedProjects) = preSolution
		{433A78E1-7A71-4044-9FA6-3FA11B003E7F} = {4DAA652A-4A57-4C50-9D9E-4A95076C2EAC}
	EndGlobalSection
EndGlobal
