
Microsoft Visual Studio Solution File, Format Version 12.00
# Visual Studio 14
VisualStudioVersion = 14.0.25420.1
MinimumVisualStudioVersion = 10.0.40219.1
Project("{8BB2217D-0F2D-49D1-97BC-3654ED321F3B}") = "CustomTagHelper", "CustomTagHelper\CustomTagHelper.xproj", "{46B1ED86-DB7A-438E-A863-E72D89B8FD79}"
EndProject
Project("{2150E333-8FDC-42A3-9474-1A3956D46DE8}") = "Solution Items", "Solution Items", "{7F73B00B-2A1D-4C7F-8103-CC7475EBD88F}"
	ProjectSection(SolutionItems) = preProject
		global.json = global.json
	EndProjectSection
EndProject
Project("{2150E333-8FDC-42A3-9474-1A3956D46DE8}") = "src", "src", "{55218415-725A-475E-992D-CE6746ADFDFD}"
EndProject
Global
	GlobalSection(SolutionConfigurationPlatforms) = preSolution
		Debug|Any CPU = Debug|Any CPU
		Release|Any CPU = Release|Any CPU
	EndGlobalSection
	GlobalSection(ProjectConfigurationPlatforms) = postSolution
		{46B1ED86-DB7A-438E-A863-E72D89B8FD79}.Debug|Any CPU.ActiveCfg = Debug|Any CPU
		{46B1ED86-DB7A-438E-A863-E72D89B8FD79}.Debug|Any CPU.Build.0 = Debug|Any CPU
		{46B1ED86-DB7A-438E-A863-E72D89B8FD79}.Release|Any CPU.ActiveCfg = Release|Any CPU
		{46B1ED86-DB7A-438E-A863-E72D89B8FD79}.Release|Any CPU.Build.0 = Release|Any CPU
	EndGlobalSection
	GlobalSection(SolutionProperties) = preSolution
		HideSolutionNode = FALSE
	EndGlobalSection
	GlobalSection(NestedProjects) = preSolution
		{46B1ED86-DB7A-438E-A863-E72D89B8FD79} = {55218415-725A-475E-992D-CE6746ADFDFD}
	EndGlobalSection
EndGlobal
